
Microsoft Visual Studio Solution File, Format Version 12.00
# Visual Studio Version 17
VisualStudioVersion = 17.0.31903.59
MinimumVisualStudioVersion = 10.0.40219.1
Project("{FAE04EC0-301F-11D3-BF4B-00C04F79EFBC}") = "Migrator.Domain", "src\Migrator.Domain\Migrator.Domain.csproj", "{26853057-B4FA-46A8-85BC-1409B0861045}"
EndProject
Project("{FAE04EC0-301F-11D3-BF4B-00C04F79EFBC}") = "Migrator.Application", "src\Migrator.Application\Migrator.Application.csproj", "{0E8AF9C6-1F5D-4959-8796-C4C31A17723B}"
EndProject
Project("{FAE04EC0-301F-11D3-BF4B-00C04F79EFBC}") = "Migrator.Infrastructure", "src\Migrator.Infrastructure\Migrator.Infrastructure.csproj", "{42056356-E4FB-4E65-8638-EFB6E081AFF3}"
EndProject
Project("{FAE04EC0-301F-11D3-BF4B-00C04F79EFBC}") = "Migrator.API", "src\Migrator.API\Migrator.API.csproj", "{99F83945-E6FB-4313-8117-DD1944DBE28D}"
EndProject
Global
	GlobalSection(SolutionConfigurationPlatforms) = preSolution
		Debug|Any CPU = Debug|Any CPU
		Debug|x64 = Debug|x64
		Debug|x86 = Debug|x86
		Release|Any CPU = Release|Any CPU
		Release|x64 = Release|x64
		Release|x86 = Release|x86
	EndGlobalSection
	GlobalSection(ProjectConfigurationPlatforms) = postSolution
		{26853057-B4FA-46A8-85BC-1409B0861045}.Debug|Any CPU.ActiveCfg = Debug|Any CPU
		{26853057-B4FA-46A8-85BC-1409B0861045}.Debug|Any CPU.Build.0 = Debug|Any CPU
		{26853057-B4FA-46A8-85BC-1409B0861045}.Debug|x64.ActiveCfg = Debug|Any CPU
		{26853057-B4FA-46A8-85BC-1409B0861045}.Debug|x64.Build.0 = Debug|Any CPU
		{26853057-B4FA-46A8-85BC-1409B0861045}.Debug|x86.ActiveCfg = Debug|Any CPU
		{26853057-B4FA-46A8-85BC-1409B0861045}.Debug|x86.Build.0 = Debug|Any CPU
		{26853057-B4FA-46A8-85BC-1409B0861045}.Release|Any CPU.ActiveCfg = Release|Any CPU
		{26853057-B4FA-46A8-85BC-1409B0861045}.Release|Any CPU.Build.0 = Release|Any CPU
		{26853057-B4FA-46A8-85BC-1409B0861045}.Release|x64.ActiveCfg = Release|Any CPU
		{26853057-B4FA-46A8-85BC-1409B0861045}.Release|x64.Build.0 = Release|Any CPU
		{26853057-B4FA-46A8-85BC-1409B0861045}.Release|x86.ActiveCfg = Release|Any CPU
		{26853057-B4FA-46A8-85BC-1409B0861045}.Release|x86.Build.0 = Release|Any CPU
		{0E8AF9C6-1F5D-4959-8796-C4C31A17723B}.Debug|Any CPU.ActiveCfg = Debug|Any CPU
		{0E8AF9C6-1F5D-4959-8796-C4C31A17723B}.Debug|Any CPU.Build.0 = Debug|Any CPU
		{0E8AF9C6-1F5D-4959-8796-C4C31A17723B}.Debug|x64.ActiveCfg = Debug|Any CPU
		{0E8AF9C6-1F5D-4959-8796-C4C31A17723B}.Debug|x64.Build.0 = Debug|Any CPU
		{0E8AF9C6-1F5D-4959-8796-C4C31A17723B}.Debug|x86.ActiveCfg = Debug|Any CPU
		{0E8AF9C6-1F5D-4959-8796-C4C31A17723B}.Debug|x86.Build.0 = Debug|Any CPU
		{0E8AF9C6-1F5D-4959-8796-C4C31A17723B}.Release|Any CPU.ActiveCfg = Release|Any CPU
		{0E8AF9C6-1F5D-4959-8796-C4C31A17723B}.Release|Any CPU.Build.0 = Release|Any CPU
		{0E8AF9C6-1F5D-4959-8796-C4C31A17723B}.Release|x64.ActiveCfg = Release|Any CPU
		{0E8AF9C6-1F5D-4959-8796-C4C31A17723B}.Release|x64.Build.0 = Release|Any CPU
		{0E8AF9C6-1F5D-4959-8796-C4C31A17723B}.Release|x86.ActiveCfg = Release|Any CPU
		{0E8AF9C6-1F5D-4959-8796-C4C31A17723B}.Release|x86.Build.0 = Release|Any CPU
		{42056356-E4FB-4E65-8638-EFB6E081AFF3}.Debug|Any CPU.ActiveCfg = Debug|Any CPU
		{42056356-E4FB-4E65-8638-EFB6E081AFF3}.Debug|Any CPU.Build.0 = Debug|Any CPU
		{42056356-E4FB-4E65-8638-EFB6E081AFF3}.Debug|x64.ActiveCfg = Debug|Any CPU
		{42056356-E4FB-4E65-8638-EFB6E081AFF3}.Debug|x64.Build.0 = Debug|Any CPU
		{42056356-E4FB-4E65-8638-EFB6E081AFF3}.Debug|x86.ActiveCfg = Debug|Any CPU
		{42056356-E4FB-4E65-8638-EFB6E081AFF3}.Debug|x86.Build.0 = Debug|Any CPU
		{42056356-E4FB-4E65-8638-EFB6E081AFF3}.Release|Any CPU.ActiveCfg = Release|Any CPU
		{42056356-E4FB-4E65-8638-EFB6E081AFF3}.Release|Any CPU.Build.0 = Release|Any CPU
		{42056356-E4FB-4E65-8638-EFB6E081AFF3}.Release|x64.ActiveCfg = Release|Any CPU
		{42056356-E4FB-4E65-8638-EFB6E081AFF3}.Release|x64.Build.0 = Release|Any CPU
		{42056356-E4FB-4E65-8638-EFB6E081AFF3}.Release|x86.ActiveCfg = Release|Any CPU
		{42056356-E4FB-4E65-8638-EFB6E081AFF3}.Release|x86.Build.0 = Release|Any CPU
		{99F83945-E6FB-4313-8117-DD1944DBE28D}.Debug|Any CPU.ActiveCfg = Debug|Any CPU
		{99F83945-E6FB-4313-8117-DD1944DBE28D}.Debug|Any CPU.Build.0 = Debug|Any CPU
		{99F83945-E6FB-4313-8117-DD1944DBE28D}.Debug|x64.ActiveCfg = Debug|Any CPU
		{99F83945-E6FB-4313-8117-DD1944DBE28D}.Debug|x64.Build.0 = Debug|Any CPU
		{99F83945-E6FB-4313-8117-DD1944DBE28D}.Debug|x86.ActiveCfg = Debug|Any CPU
		{99F83945-E6FB-4313-8117-DD1944DBE28D}.Debug|x86.Build.0 = Debug|Any CPU
		{99F83945-E6FB-4313-8117-DD1944DBE28D}.Release|Any CPU.ActiveCfg = Release|Any CPU
		{99F83945-E6FB-4313-8117-DD1944DBE28D}.Release|Any CPU.Build.0 = Release|Any CPU
		{99F83945-E6FB-4313-8117-DD1944DBE28D}.Release|x64.ActiveCfg = Release|Any CPU
		{99F83945-E6FB-4313-8117-DD1944DBE28D}.Release|x64.Build.0 = Release|Any CPU
		{99F83945-E6FB-4313-8117-DD1944DBE28D}.Release|x86.ActiveCfg = Release|Any CPU
		{99F83945-E6FB-4313-8117-DD1944DBE28D}.Release|x86.Build.0 = Release|Any CPU
	EndGlobalSection
	GlobalSection(SolutionProperties) = preSolution
		HideSolutionNode = FALSE
	EndGlobalSection
EndGlobal
